{
  "name": "pipelines-test-100",
  "version": "1.0.0",
  "lockfileVersion": 1,
  "requires": true,
  "dependencies": {
    "typescript": {
      "version": "4.0.5",
      "resolved": "https://entplus.jfrog.io/artifactory/api/npm/npm-virtual/typescript/-/typescript-4.0.5.tgz",
      "integrity": "sha1-rp3d/RBp8ctb6z7zshcN18EzI4k="
    }
  }
}
